{
    "_meta": {
        "hash": {
            "sha256": "bae45bea6b4fc63f5cc008ced6f81baa305b0efa474c000564d6b4fe6b8a8b04"
        },
        "pipfile-spec": 6,
        "requires": {
            "python_version": "3.10"
        },
        "sources": [
            {
                "name": "pypi",
                "url": "https://pypi.org/simple",
                "verify_ssl": true
            }
        ]
    },
    "default": {
        "aws-lambda-powertools": {
            "hashes": [
                "sha256:7981eae02f68a15a9ac85c158d25cd7ef235a6c48c390774f15ae06d565524ed",
                "sha256:a7084df09105770a032893b203347625d219f93a4e5f2b5ad4dd3a8942983cc7"
            ],
            "index": "pypi",
            "version": "==2.4.0"
        },
        "typing-extensions": {
            "hashes": [
                "sha256:1511434bb92bf8dd198c12b1cc812e800d4181cfcb867674e0f8279cc93087aa",
                "sha256:16fa4864408f655d35ec496218b85f79b3437c829e93320c7c9215ccfd92489e"
            ],
            "markers": "python_version >= '3.7'",
            "version": "==4.4.0"
        }
    },
    "develop": {}
}
